<?xml version="1.0" encoding="UTF-8"?>
<Project ToolsVersion="14.0" xmlns="http://schemas.microsoft.com/developer/msbuild/2003">
  <ItemGroup>
    <CustomBuild Include="D:\STIRBUILD\CMakeFiles\b366b553a7d72f257f3f3cd30e996aa2\INSTALL_force.rule">
      <Filter>CMake Rules</Filter>
    </CustomBuild>
  </ItemGroup>
  <ItemGroup>
    <Filter Include="CMake Rules">
      <UniqueIdentifier>{6BDA74F1-6872-3158-9872-466D4D324563}</UniqueIdentifier>
    </Filter>
  </ItemGroup>
</Project>
