
Microsoft Visual Studio Solution File, Format Version 12.00
# Visual Studio 14
VisualStudioVersion = 14.0.25420.1
MinimumVisualStudioVersion = 10.0.40219.1
Project("{888888A0-9F3D-457C-B088-3A5042F75D52}") = "MLEMReconProject", "MLEMReconProject\MLEMReconProject.pyproj", "{EA60FBA0-AD1E-44B1-94B2-30A9D450CACC}"
EndProject
Project("{888888A0-9F3D-457C-B088-3A5042F75D52}") = "LinearMotionModel", "LinearMotionModel\LinearMotionModel.pyproj", "{2AC47BDF-027A-4164-93B8-59293F26B413}"
EndProject
Project("{888888A0-9F3D-457C-B088-3A5042F75D52}") = "AnalyzingGATESimulations", "AnalyzingGATESimulations\AnalyzingGATESimulations.pyproj", "{59D053F2-2B6A-46E4-BBCB-15715950A3F6}"
EndProject
Global
	GlobalSection(SolutionConfigurationPlatforms) = preSolution
		Debug|Any CPU = Debug|Any CPU
		Debug|x64 = Debug|x64
		Debug|x86 = Debug|x86
		Release|Any CPU = Release|Any CPU
		Release|x64 = Release|x64
		Release|x86 = Release|x86
	EndGlobalSection
	GlobalSection(ProjectConfigurationPlatforms) = postSolution
		{EA60FBA0-AD1E-44B1-94B2-30A9D450CACC}.Debug|Any CPU.ActiveCfg = Debug|Any CPU
		{EA60FBA0-AD1E-44B1-94B2-30A9D450CACC}.Debug|x64.ActiveCfg = Debug|Any CPU
		{EA60FBA0-AD1E-44B1-94B2-30A9D450CACC}.Debug|x86.ActiveCfg = Debug|Any CPU
		{EA60FBA0-AD1E-44B1-94B2-30A9D450CACC}.Release|Any CPU.ActiveCfg = Release|Any CPU
		{EA60FBA0-AD1E-44B1-94B2-30A9D450CACC}.Release|x64.ActiveCfg = Release|Any CPU
		{EA60FBA0-AD1E-44B1-94B2-30A9D450CACC}.Release|x86.ActiveCfg = Release|Any CPU
		{2AC47BDF-027A-4164-93B8-59293F26B413}.Debug|Any CPU.ActiveCfg = Debug|Any CPU
		{2AC47BDF-027A-4164-93B8-59293F26B413}.Debug|x64.ActiveCfg = Debug|Any CPU
		{2AC47BDF-027A-4164-93B8-59293F26B413}.Debug|x86.ActiveCfg = Debug|Any CPU
		{2AC47BDF-027A-4164-93B8-59293F26B413}.Release|Any CPU.ActiveCfg = Release|Any CPU
		{2AC47BDF-027A-4164-93B8-59293F26B413}.Release|x64.ActiveCfg = Release|Any CPU
		{2AC47BDF-027A-4164-93B8-59293F26B413}.Release|x86.ActiveCfg = Release|Any CPU
		{59D053F2-2B6A-46E4-BBCB-15715950A3F6}.Debug|Any CPU.ActiveCfg = Debug|Any CPU
		{59D053F2-2B6A-46E4-BBCB-15715950A3F6}.Debug|x64.ActiveCfg = Debug|Any CPU
		{59D053F2-2B6A-46E4-BBCB-15715950A3F6}.Debug|x86.ActiveCfg = Debug|Any CPU
		{59D053F2-2B6A-46E4-BBCB-15715950A3F6}.Release|Any CPU.ActiveCfg = Release|Any CPU
		{59D053F2-2B6A-46E4-BBCB-15715950A3F6}.Release|x64.ActiveCfg = Release|Any CPU
		{59D053F2-2B6A-46E4-BBCB-15715950A3F6}.Release|x86.ActiveCfg = Release|Any CPU
	EndGlobalSection
	GlobalSection(SolutionProperties) = preSolution
		HideSolutionNode = FALSE
	EndGlobalSection
EndGlobal
