<?xml version="1.0" encoding="UTF-8"?>
<Project ToolsVersion="14.0" xmlns="http://schemas.microsoft.com/developer/msbuild/2003">
  <ItemGroup>
    <ClCompile Include="D:\CommitMap\STIR-master\src\recon_test\test_DataSymmetriesForBins_PET_CartesianGrid.cxx">
      <Filter>Source Files</Filter>
    </ClCompile>
    <ClCompile Include="D:\CommitMap\STIR-master\src\buildblock\buildblock_registries.cxx">
      <Filter>Source Files</Filter>
    </ClCompile>
    <ClCompile Include="D:\CommitMap\STIR-master\src\data_buildblock\data_buildblock_registries.cxx">
      <Filter>Source Files</Filter>
    </ClCompile>
    <ClCompile Include="D:\CommitMap\STIR-master\src\IO\IO_registries.cxx">
      <Filter>Source Files</Filter>
    </ClCompile>
    <ClCompile Include="D:\CommitMap\STIR-master\src\recon_buildblock\recon_buildblock_registries.cxx">
      <Filter>Source Files</Filter>
    </ClCompile>
    <ClCompile Include="D:\CommitMap\STIR-master\src\Shape_buildblock\Shape_buildblock_registries.cxx">
      <Filter>Source Files</Filter>
    </ClCompile>
    <ClCompile Include="D:\CommitMap\STIR-master\src\modelling_buildblock\modelling_registries.cxx">
      <Filter>Source Files</Filter>
    </ClCompile>
    <ClCompile Include="D:\CommitMap\STIR-master\src\spatial_transformation_buildblock\spatial_transformation_registries.cxx">
      <Filter>Source Files</Filter>
    </ClCompile>
  </ItemGroup>
  <ItemGroup>
    <CustomBuild Include="D:\CommitMap\STIR-master\src\recon_test\CMakeLists.txt" />
  </ItemGroup>
  <ItemGroup>
    <Filter Include="Source Files">
      <UniqueIdentifier>{575D6D50-2A17-3D0E-9CC5-6B0ED9871D32}</UniqueIdentifier>
    </Filter>
  </ItemGroup>
</Project>
