<?xml version="1.0" encoding="UTF-8"?>
<Project ToolsVersion="14.0" xmlns="http://schemas.microsoft.com/developer/msbuild/2003">
  <ItemGroup>
    <ClCompile Include="D:\OneDrive\Documenten\Werk\Documents\Projects\MotionCompensation\GitHubRepos\PET-Motion-Correction\STIR-master\src\test\modelling\test_modelling.cxx">
      <Filter>Source Files</Filter>
    </ClCompile>
    <ClCompile Include="D:\OneDrive\Documenten\Werk\Documents\Projects\MotionCompensation\GitHubRepos\PET-Motion-Correction\STIR-master\src\buildblock\buildblock_registries.cxx">
      <Filter>Source Files</Filter>
    </ClCompile>
    <ClCompile Include="D:\OneDrive\Documenten\Werk\Documents\Projects\MotionCompensation\GitHubRepos\PET-Motion-Correction\STIR-master\src\data_buildblock\data_buildblock_registries.cxx">
      <Filter>Source Files</Filter>
    </ClCompile>
    <ClCompile Include="D:\OneDrive\Documenten\Werk\Documents\Projects\MotionCompensation\GitHubRepos\PET-Motion-Correction\STIR-master\src\IO\IO_registries.cxx">
      <Filter>Source Files</Filter>
    </ClCompile>
    <ClCompile Include="D:\OneDrive\Documenten\Werk\Documents\Projects\MotionCompensation\GitHubRepos\PET-Motion-Correction\STIR-master\src\recon_buildblock\recon_buildblock_registries.cxx">
      <Filter>Source Files</Filter>
    </ClCompile>
    <ClCompile Include="D:\OneDrive\Documenten\Werk\Documents\Projects\MotionCompensation\GitHubRepos\PET-Motion-Correction\STIR-master\src\Shape_buildblock\Shape_buildblock_registries.cxx">
      <Filter>Source Files</Filter>
    </ClCompile>
    <ClCompile Include="D:\OneDrive\Documenten\Werk\Documents\Projects\MotionCompensation\GitHubRepos\PET-Motion-Correction\STIR-master\src\modelling_buildblock\modelling_registries.cxx">
      <Filter>Source Files</Filter>
    </ClCompile>
    <ClCompile Include="D:\OneDrive\Documenten\Werk\Documents\Projects\MotionCompensation\GitHubRepos\PET-Motion-Correction\STIR-master\src\spatial_transformation_buildblock\spatial_transformation_registries.cxx">
      <Filter>Source Files</Filter>
    </ClCompile>
  </ItemGroup>
  <ItemGroup>
    <CustomBuild Include="D:\OneDrive\Documenten\Werk\Documents\Projects\MotionCompensation\GitHubRepos\PET-Motion-Correction\STIR-master\src\test\modelling\CMakeLists.txt" />
  </ItemGroup>
  <ItemGroup>
    <Filter Include="Source Files">
      <UniqueIdentifier>{7CD09A8D-F1AC-307F-B7C0-5530196E71AD}</UniqueIdentifier>
    </Filter>
  </ItemGroup>
</Project>
