<?xml version="1.0" encoding="UTF-8"?>
<Project ToolsVersion="14.0" xmlns="http://schemas.microsoft.com/developer/msbuild/2003">
  <ItemGroup>
    <ClCompile Include="D:\OneDrive\Documenten\Werk\Documents\Projects\MotionCompensation\GitHubRepos\PET-Motion-Correction\STIR-master\src\buildblock\Array.cxx">
      <Filter>Source Files</Filter>
    </ClCompile>
    <ClCompile Include="D:\OneDrive\Documenten\Werk\Documents\Projects\MotionCompensation\GitHubRepos\PET-Motion-Correction\STIR-master\src\buildblock\IndexRange.cxx">
      <Filter>Source Files</Filter>
    </ClCompile>
    <ClCompile Include="D:\OneDrive\Documenten\Werk\Documents\Projects\MotionCompensation\GitHubRepos\PET-Motion-Correction\STIR-master\src\buildblock\PatientPosition.cxx">
      <Filter>Source Files</Filter>
    </ClCompile>
    <ClCompile Include="D:\OneDrive\Documenten\Werk\Documents\Projects\MotionCompensation\GitHubRepos\PET-Motion-Correction\STIR-master\src\buildblock\ProjData.cxx">
      <Filter>Source Files</Filter>
    </ClCompile>
    <ClCompile Include="D:\OneDrive\Documenten\Werk\Documents\Projects\MotionCompensation\GitHubRepos\PET-Motion-Correction\STIR-master\src\buildblock\ProjDataInfo.cxx">
      <Filter>Source Files</Filter>
    </ClCompile>
    <ClCompile Include="D:\OneDrive\Documenten\Werk\Documents\Projects\MotionCompensation\GitHubRepos\PET-Motion-Correction\STIR-master\src\buildblock\ProjDataInfoCylindrical.cxx">
      <Filter>Source Files</Filter>
    </ClCompile>
    <ClCompile Include="D:\OneDrive\Documenten\Werk\Documents\Projects\MotionCompensation\GitHubRepos\PET-Motion-Correction\STIR-master\src\buildblock\ProjDataInfoCylindricalArcCorr.cxx">
      <Filter>Source Files</Filter>
    </ClCompile>
    <ClCompile Include="D:\OneDrive\Documenten\Werk\Documents\Projects\MotionCompensation\GitHubRepos\PET-Motion-Correction\STIR-master\src\buildblock\ProjDataInfoCylindricalNoArcCorr.cxx">
      <Filter>Source Files</Filter>
    </ClCompile>
    <ClCompile Include="D:\OneDrive\Documenten\Werk\Documents\Projects\MotionCompensation\GitHubRepos\PET-Motion-Correction\STIR-master\src\buildblock\ArcCorrection.cxx">
      <Filter>Source Files</Filter>
    </ClCompile>
    <ClCompile Include="D:\OneDrive\Documenten\Werk\Documents\Projects\MotionCompensation\GitHubRepos\PET-Motion-Correction\STIR-master\src\buildblock\ProjDataFromStream.cxx">
      <Filter>Source Files</Filter>
    </ClCompile>
    <ClCompile Include="D:\OneDrive\Documenten\Werk\Documents\Projects\MotionCompensation\GitHubRepos\PET-Motion-Correction\STIR-master\src\buildblock\ProjDataGEAdvance.cxx">
      <Filter>Source Files</Filter>
    </ClCompile>
    <ClCompile Include="D:\OneDrive\Documenten\Werk\Documents\Projects\MotionCompensation\GitHubRepos\PET-Motion-Correction\STIR-master\src\buildblock\ProjDataInMemory.cxx">
      <Filter>Source Files</Filter>
    </ClCompile>
    <ClCompile Include="D:\OneDrive\Documenten\Werk\Documents\Projects\MotionCompensation\GitHubRepos\PET-Motion-Correction\STIR-master\src\buildblock\ProjDataInterfile.cxx">
      <Filter>Source Files</Filter>
    </ClCompile>
    <ClCompile Include="D:\OneDrive\Documenten\Werk\Documents\Projects\MotionCompensation\GitHubRepos\PET-Motion-Correction\STIR-master\src\buildblock\Scanner.cxx">
      <Filter>Source Files</Filter>
    </ClCompile>
    <ClCompile Include="D:\OneDrive\Documenten\Werk\Documents\Projects\MotionCompensation\GitHubRepos\PET-Motion-Correction\STIR-master\src\buildblock\SegmentBySinogram.cxx">
      <Filter>Source Files</Filter>
    </ClCompile>
    <ClCompile Include="D:\OneDrive\Documenten\Werk\Documents\Projects\MotionCompensation\GitHubRepos\PET-Motion-Correction\STIR-master\src\buildblock\Segment.cxx">
      <Filter>Source Files</Filter>
    </ClCompile>
    <ClCompile Include="D:\OneDrive\Documenten\Werk\Documents\Projects\MotionCompensation\GitHubRepos\PET-Motion-Correction\STIR-master\src\buildblock\SegmentByView.cxx">
      <Filter>Source Files</Filter>
    </ClCompile>
    <ClCompile Include="D:\OneDrive\Documenten\Werk\Documents\Projects\MotionCompensation\GitHubRepos\PET-Motion-Correction\STIR-master\src\buildblock\Viewgram.cxx">
      <Filter>Source Files</Filter>
    </ClCompile>
    <ClCompile Include="D:\OneDrive\Documenten\Werk\Documents\Projects\MotionCompensation\GitHubRepos\PET-Motion-Correction\STIR-master\src\buildblock\Verbosity.cxx">
      <Filter>Source Files</Filter>
    </ClCompile>
    <ClCompile Include="D:\OneDrive\Documenten\Werk\Documents\Projects\MotionCompensation\GitHubRepos\PET-Motion-Correction\STIR-master\src\buildblock\Sinogram.cxx">
      <Filter>Source Files</Filter>
    </ClCompile>
    <ClCompile Include="D:\OneDrive\Documenten\Werk\Documents\Projects\MotionCompensation\GitHubRepos\PET-Motion-Correction\STIR-master\src\buildblock\RelatedViewgrams.cxx">
      <Filter>Source Files</Filter>
    </ClCompile>
    <ClCompile Include="D:\OneDrive\Documenten\Werk\Documents\Projects\MotionCompensation\GitHubRepos\PET-Motion-Correction\STIR-master\src\buildblock\scale_sinograms.cxx">
      <Filter>Source Files</Filter>
    </ClCompile>
    <ClCompile Include="D:\OneDrive\Documenten\Werk\Documents\Projects\MotionCompensation\GitHubRepos\PET-Motion-Correction\STIR-master\src\buildblock\interpolate_projdata.cxx">
      <Filter>Source Files</Filter>
    </ClCompile>
    <ClCompile Include="D:\OneDrive\Documenten\Werk\Documents\Projects\MotionCompensation\GitHubRepos\PET-Motion-Correction\STIR-master\src\buildblock\extend_projdata.cxx">
      <Filter>Source Files</Filter>
    </ClCompile>
    <ClCompile Include="D:\OneDrive\Documenten\Werk\Documents\Projects\MotionCompensation\GitHubRepos\PET-Motion-Correction\STIR-master\src\buildblock\DiscretisedDensity.cxx">
      <Filter>Source Files</Filter>
    </ClCompile>
    <ClCompile Include="D:\OneDrive\Documenten\Werk\Documents\Projects\MotionCompensation\GitHubRepos\PET-Motion-Correction\STIR-master\src\buildblock\VoxelsOnCartesianGrid.cxx">
      <Filter>Source Files</Filter>
    </ClCompile>
    <ClCompile Include="D:\OneDrive\Documenten\Werk\Documents\Projects\MotionCompensation\GitHubRepos\PET-Motion-Correction\STIR-master\src\buildblock\utilities.cxx">
      <Filter>Source Files</Filter>
    </ClCompile>
    <ClCompile Include="D:\OneDrive\Documenten\Werk\Documents\Projects\MotionCompensation\GitHubRepos\PET-Motion-Correction\STIR-master\src\buildblock\interfile_keyword_functions.cxx">
      <Filter>Source Files</Filter>
    </ClCompile>
    <ClCompile Include="D:\OneDrive\Documenten\Werk\Documents\Projects\MotionCompensation\GitHubRepos\PET-Motion-Correction\STIR-master\src\buildblock\zoom.cxx">
      <Filter>Source Files</Filter>
    </ClCompile>
    <ClCompile Include="D:\OneDrive\Documenten\Werk\Documents\Projects\MotionCompensation\GitHubRepos\PET-Motion-Correction\STIR-master\src\buildblock\NumericType.cxx">
      <Filter>Source Files</Filter>
    </ClCompile>
    <ClCompile Include="D:\OneDrive\Documenten\Werk\Documents\Projects\MotionCompensation\GitHubRepos\PET-Motion-Correction\STIR-master\src\buildblock\ByteOrder.cxx">
      <Filter>Source Files</Filter>
    </ClCompile>
    <ClCompile Include="D:\OneDrive\Documenten\Werk\Documents\Projects\MotionCompensation\GitHubRepos\PET-Motion-Correction\STIR-master\src\buildblock\KeyParser.cxx">
      <Filter>Source Files</Filter>
    </ClCompile>
    <ClCompile Include="D:\OneDrive\Documenten\Werk\Documents\Projects\MotionCompensation\GitHubRepos\PET-Motion-Correction\STIR-master\src\buildblock\recon_array_functions.cxx">
      <Filter>Source Files</Filter>
    </ClCompile>
    <ClCompile Include="D:\OneDrive\Documenten\Werk\Documents\Projects\MotionCompensation\GitHubRepos\PET-Motion-Correction\STIR-master\src\buildblock\linear_regression.cxx">
      <Filter>Source Files</Filter>
    </ClCompile>
    <ClCompile Include="D:\OneDrive\Documenten\Werk\Documents\Projects\MotionCompensation\GitHubRepos\PET-Motion-Correction\STIR-master\src\buildblock\overlap_interpolate.cxx">
      <Filter>Source Files</Filter>
    </ClCompile>
    <ClCompile Include="D:\OneDrive\Documenten\Werk\Documents\Projects\MotionCompensation\GitHubRepos\PET-Motion-Correction\STIR-master\src\buildblock\error.cxx">
      <Filter>Source Files</Filter>
    </ClCompile>
    <ClCompile Include="D:\OneDrive\Documenten\Werk\Documents\Projects\MotionCompensation\GitHubRepos\PET-Motion-Correction\STIR-master\src\buildblock\warning.cxx">
      <Filter>Source Files</Filter>
    </ClCompile>
    <ClCompile Include="D:\OneDrive\Documenten\Werk\Documents\Projects\MotionCompensation\GitHubRepos\PET-Motion-Correction\STIR-master\src\buildblock\TextWriter.cxx">
      <Filter>Source Files</Filter>
    </ClCompile>
    <ClCompile Include="D:\OneDrive\Documenten\Werk\Documents\Projects\MotionCompensation\GitHubRepos\PET-Motion-Correction\STIR-master\src\buildblock\DataSymmetriesForViewSegmentNumbers.cxx">
      <Filter>Source Files</Filter>
    </ClCompile>
    <ClCompile Include="D:\OneDrive\Documenten\Werk\Documents\Projects\MotionCompensation\GitHubRepos\PET-Motion-Correction\STIR-master\src\buildblock\TimeFrameDefinitions.cxx">
      <Filter>Source Files</Filter>
    </ClCompile>
    <ClCompile Include="D:\OneDrive\Documenten\Werk\Documents\Projects\MotionCompensation\GitHubRepos\PET-Motion-Correction\STIR-master\src\buildblock\ParsingObject.cxx">
      <Filter>Source Files</Filter>
    </ClCompile>
    <ClCompile Include="D:\OneDrive\Documenten\Werk\Documents\Projects\MotionCompensation\GitHubRepos\PET-Motion-Correction\STIR-master\src\buildblock\ArrayFilter1DUsingConvolutionSymmetricKernel.cxx">
      <Filter>Source Files</Filter>
    </ClCompile>
    <ClCompile Include="D:\OneDrive\Documenten\Werk\Documents\Projects\MotionCompensation\GitHubRepos\PET-Motion-Correction\STIR-master\src\buildblock\ArrayFilterUsingRealDFTWithPadding.cxx">
      <Filter>Source Files</Filter>
    </ClCompile>
    <ClCompile Include="D:\OneDrive\Documenten\Werk\Documents\Projects\MotionCompensation\GitHubRepos\PET-Motion-Correction\STIR-master\src\buildblock\SeparableArrayFunctionObject.cxx">
      <Filter>Source Files</Filter>
    </ClCompile>
    <ClCompile Include="D:\OneDrive\Documenten\Werk\Documents\Projects\MotionCompensation\GitHubRepos\PET-Motion-Correction\STIR-master\src\buildblock\SeparableMetzArrayFilter.cxx">
      <Filter>Source Files</Filter>
    </ClCompile>
    <ClCompile Include="D:\OneDrive\Documenten\Werk\Documents\Projects\MotionCompensation\GitHubRepos\PET-Motion-Correction\STIR-master\src\buildblock\MedianArrayFilter3D.cxx">
      <Filter>Source Files</Filter>
    </ClCompile>
    <ClCompile Include="D:\OneDrive\Documenten\Werk\Documents\Projects\MotionCompensation\GitHubRepos\PET-Motion-Correction\STIR-master\src\buildblock\MedianImageFilter3D.cxx">
      <Filter>Source Files</Filter>
    </ClCompile>
    <ClCompile Include="D:\OneDrive\Documenten\Werk\Documents\Projects\MotionCompensation\GitHubRepos\PET-Motion-Correction\STIR-master\src\buildblock\MinimalArrayFilter3D.cxx">
      <Filter>Source Files</Filter>
    </ClCompile>
    <ClCompile Include="D:\OneDrive\Documenten\Werk\Documents\Projects\MotionCompensation\GitHubRepos\PET-Motion-Correction\STIR-master\src\buildblock\MinimalImageFilter3D.cxx">
      <Filter>Source Files</Filter>
    </ClCompile>
    <ClCompile Include="D:\OneDrive\Documenten\Werk\Documents\Projects\MotionCompensation\GitHubRepos\PET-Motion-Correction\STIR-master\src\buildblock\SeparableCartesianMetzImageFilter.cxx">
      <Filter>Source Files</Filter>
    </ClCompile>
    <ClCompile Include="D:\OneDrive\Documenten\Werk\Documents\Projects\MotionCompensation\GitHubRepos\PET-Motion-Correction\STIR-master\src\buildblock\TruncateToCylindricalFOVImageProcessor.cxx">
      <Filter>Source Files</Filter>
    </ClCompile>
    <ClCompile Include="D:\OneDrive\Documenten\Werk\Documents\Projects\MotionCompensation\GitHubRepos\PET-Motion-Correction\STIR-master\src\buildblock\ThresholdMinToSmallPositiveValueDataProcessor.cxx">
      <Filter>Source Files</Filter>
    </ClCompile>
    <ClCompile Include="D:\OneDrive\Documenten\Werk\Documents\Projects\MotionCompensation\GitHubRepos\PET-Motion-Correction\STIR-master\src\buildblock\ChainedDataProcessor.cxx">
      <Filter>Source Files</Filter>
    </ClCompile>
    <ClCompile Include="D:\OneDrive\Documenten\Werk\Documents\Projects\MotionCompensation\GitHubRepos\PET-Motion-Correction\STIR-master\src\buildblock\ArrayFilter1DUsingConvolution.cxx">
      <Filter>Source Files</Filter>
    </ClCompile>
    <ClCompile Include="D:\OneDrive\Documenten\Werk\Documents\Projects\MotionCompensation\GitHubRepos\PET-Motion-Correction\STIR-master\src\buildblock\SeparableConvolutionImageFilter.cxx">
      <Filter>Source Files</Filter>
    </ClCompile>
    <ClCompile Include="D:\OneDrive\Documenten\Werk\Documents\Projects\MotionCompensation\GitHubRepos\PET-Motion-Correction\STIR-master\src\buildblock\NonseparableConvolutionUsingRealDFTImageFilter.cxx">
      <Filter>Source Files</Filter>
    </ClCompile>
    <ClCompile Include="D:\OneDrive\Documenten\Werk\Documents\Projects\MotionCompensation\GitHubRepos\PET-Motion-Correction\STIR-master\src\buildblock\SSRB.cxx">
      <Filter>Source Files</Filter>
    </ClCompile>
    <ClCompile Include="D:\OneDrive\Documenten\Werk\Documents\Projects\MotionCompensation\GitHubRepos\PET-Motion-Correction\STIR-master\src\buildblock\inverse_SSRB.cxx">
      <Filter>Source Files</Filter>
    </ClCompile>
    <ClCompile Include="D:\OneDrive\Documenten\Werk\Documents\Projects\MotionCompensation\GitHubRepos\PET-Motion-Correction\STIR-master\src\buildblock\centre_of_gravity.cxx">
      <Filter>Source Files</Filter>
    </ClCompile>
    <ClCompile Include="D:\OneDrive\Documenten\Werk\Documents\Projects\MotionCompensation\GitHubRepos\PET-Motion-Correction\STIR-master\src\buildblock\DynamicDiscretisedDensity.cxx">
      <Filter>Source Files</Filter>
    </ClCompile>
    <ClCompile Include="D:\OneDrive\Documenten\Werk\Documents\Projects\MotionCompensation\GitHubRepos\PET-Motion-Correction\STIR-master\src\buildblock\DynamicProjData.cxx">
      <Filter>Source Files</Filter>
    </ClCompile>
    <ClCompile Include="D:\OneDrive\Documenten\Werk\Documents\Projects\MotionCompensation\GitHubRepos\PET-Motion-Correction\STIR-master\src\buildblock\MultipleProjData.cxx">
      <Filter>Source Files</Filter>
    </ClCompile>
    <ClCompile Include="D:\OneDrive\Documenten\Werk\Documents\Projects\MotionCompensation\GitHubRepos\PET-Motion-Correction\STIR-master\src\buildblock\GatedProjData.cxx">
      <Filter>Source Files</Filter>
    </ClCompile>
    <ClCompile Include="D:\OneDrive\Documenten\Werk\Documents\Projects\MotionCompensation\GitHubRepos\PET-Motion-Correction\STIR-master\src\buildblock\ArrayFilter2DUsingConvolution.cxx">
      <Filter>Source Files</Filter>
    </ClCompile>
    <ClCompile Include="D:\OneDrive\Documenten\Werk\Documents\Projects\MotionCompensation\GitHubRepos\PET-Motion-Correction\STIR-master\src\buildblock\ArrayFilter3DUsingConvolution.cxx">
      <Filter>Source Files</Filter>
    </ClCompile>
    <ClCompile Include="D:\OneDrive\Documenten\Werk\Documents\Projects\MotionCompensation\GitHubRepos\PET-Motion-Correction\STIR-master\src\buildblock\find_fwhm_in_image.cxx">
      <Filter>Source Files</Filter>
    </ClCompile>
    <ClCompile Include="D:\OneDrive\Documenten\Werk\Documents\Projects\MotionCompensation\GitHubRepos\PET-Motion-Correction\STIR-master\src\buildblock\GatedDiscretisedDensity.cxx">
      <Filter>Source Files</Filter>
    </ClCompile>
    <ClCompile Include="D:\OneDrive\Documenten\Werk\Documents\Projects\MotionCompensation\GitHubRepos\PET-Motion-Correction\STIR-master\src\buildblock\MaximalArrayFilter3D.cxx">
      <Filter>Source Files</Filter>
    </ClCompile>
    <ClCompile Include="D:\OneDrive\Documenten\Werk\Documents\Projects\MotionCompensation\GitHubRepos\PET-Motion-Correction\STIR-master\src\buildblock\MaximalImageFilter3D.cxx">
      <Filter>Source Files</Filter>
    </ClCompile>
    <ClCompile Include="D:\OneDrive\Documenten\Werk\Documents\Projects\MotionCompensation\GitHubRepos\PET-Motion-Correction\STIR-master\src\buildblock\TimeGateDefinitions.cxx">
      <Filter>Source Files</Filter>
    </ClCompile>
    <ClCompile Include="D:\OneDrive\Documenten\Werk\Documents\Projects\MotionCompensation\GitHubRepos\PET-Motion-Correction\STIR-master\src\buildblock\ML_norm.cxx">
      <Filter>Source Files</Filter>
    </ClCompile>
    <ClCompile Include="D:\OneDrive\Documenten\Werk\Documents\Projects\MotionCompensation\GitHubRepos\PET-Motion-Correction\STIR-master\src\buildblock\num_threads.cxx">
      <Filter>Source Files</Filter>
    </ClCompile>
    <ClCompile Include="D:\OneDrive\Documenten\Werk\Documents\Projects\MotionCompensation\GitHubRepos\PET-Motion-Correction\STIR-master\src\buildblock\getopt.c">
      <Filter>Source Files</Filter>
    </ClCompile>
  </ItemGroup>
  <ItemGroup>
    <CustomBuild Include="D:\OneDrive\Documenten\Werk\Documents\Projects\MotionCompensation\GitHubRepos\PET-Motion-Correction\STIR-master\src\buildblock\CMakeLists.txt" />
  </ItemGroup>
  <ItemGroup>
    <Filter Include="Source Files">
      <UniqueIdentifier>{7CD09A8D-F1AC-307F-B7C0-5530196E71AD}</UniqueIdentifier>
    </Filter>
  </ItemGroup>
</Project>
